
Microsoft Visual Studio Solution File, Format Version 12.00
# Visual Studio 14
VisualStudioVersion = 14.0.25420.1
MinimumVisualStudioVersion = 10.0.40219.1
Project("{FAE04EC0-301F-11D3-BF4B-00C04F79EFBC}") = "Delivers_CRM", "Delivers_CRM\Delivers_CRM.csproj", "{3AFE9F3D-0376-4829-8338-DF50D84979A3}"
EndProject
Project("{FAE04EC0-301F-11D3-BF4B-00C04F79EFBC}") = "Deliver_CRM_Droid", "Deliver_CRM_Droid\Deliver_CRM_Droid.csproj", "{C777D7D9-13E9-492E-A7E3-289335170C7F}"
EndProject
Global
	GlobalSection(SolutionConfigurationPlatforms) = preSolution
		Debug|Any CPU = Debug|Any CPU
		Debug|ARM = Debug|ARM
		Debug|iPhone = Debug|iPhone
		Debug|iPhoneSimulator = Debug|iPhoneSimulator
		Debug|x86 = Debug|x86
		Release|Any CPU = Release|Any CPU
		Release|ARM = Release|ARM
		Release|iPhone = Release|iPhone
		Release|iPhoneSimulator = Release|iPhoneSimulator
		Release|x86 = Release|x86
	EndGlobalSection
	GlobalSection(ProjectConfigurationPlatforms) = postSolution
		{3AFE9F3D-0376-4829-8338-DF50D84979A3}.Debug|Any CPU.ActiveCfg = Debug|Any CPU
		{3AFE9F3D-0376-4829-8338-DF50D84979A3}.Debug|Any CPU.Build.0 = Debug|Any CPU
		{3AFE9F3D-0376-4829-8338-DF50D84979A3}.Debug|ARM.ActiveCfg = Debug|Any CPU
		{3AFE9F3D-0376-4829-8338-DF50D84979A3}.Debug|ARM.Build.0 = Debug|Any CPU
		{3AFE9F3D-0376-4829-8338-DF50D84979A3}.Debug|iPhone.ActiveCfg = Debug|Any CPU
		{3AFE9F3D-0376-4829-8338-DF50D84979A3}.Debug|iPhone.Build.0 = Debug|Any CPU
		{3AFE9F3D-0376-4829-8338-DF50D84979A3}.Debug|iPhoneSimulator.ActiveCfg = Debug|Any CPU
		{3AFE9F3D-0376-4829-8338-DF50D84979A3}.Debug|iPhoneSimulator.Build.0 = Debug|Any CPU
		{3AFE9F3D-0376-4829-8338-DF50D84979A3}.Debug|x86.ActiveCfg = Debug|Any CPU
		{3AFE9F3D-0376-4829-8338-DF50D84979A3}.Debug|x86.Build.0 = Debug|Any CPU
		{3AFE9F3D-0376-4829-8338-DF50D84979A3}.Release|Any CPU.ActiveCfg = Release|Any CPU
		{3AFE9F3D-0376-4829-8338-DF50D84979A3}.Release|Any CPU.Build.0 = Release|Any CPU
		{3AFE9F3D-0376-4829-8338-DF50D84979A3}.Release|ARM.ActiveCfg = Release|Any CPU
		{3AFE9F3D-0376-4829-8338-DF50D84979A3}.Release|ARM.Build.0 = Release|Any CPU
		{3AFE9F3D-0376-4829-8338-DF50D84979A3}.Release|iPhone.ActiveCfg = Release|Any CPU
		{3AFE9F3D-0376-4829-8338-DF50D84979A3}.Release|iPhone.Build.0 = Release|Any CPU
		{3AFE9F3D-0376-4829-8338-DF50D84979A3}.Release|iPhoneSimulator.ActiveCfg = Release|Any CPU
		{3AFE9F3D-0376-4829-8338-DF50D84979A3}.Release|iPhoneSimulator.Build.0 = Release|Any CPU
		{3AFE9F3D-0376-4829-8338-DF50D84979A3}.Release|x86.ActiveCfg = Release|Any CPU
		{3AFE9F3D-0376-4829-8338-DF50D84979A3}.Release|x86.Build.0 = Release|Any CPU
		{C777D7D9-13E9-492E-A7E3-289335170C7F}.Debug|Any CPU.ActiveCfg = Debug|Any CPU
		{C777D7D9-13E9-492E-A7E3-289335170C7F}.Debug|Any CPU.Build.0 = Debug|Any CPU
		{C777D7D9-13E9-492E-A7E3-289335170C7F}.Debug|Any CPU.Deploy.0 = Debug|Any CPU
		{C777D7D9-13E9-492E-A7E3-289335170C7F}.Debug|ARM.ActiveCfg = Debug|Any CPU
		{C777D7D9-13E9-492E-A7E3-289335170C7F}.Debug|ARM.Build.0 = Debug|Any CPU
		{C777D7D9-13E9-492E-A7E3-289335170C7F}.Debug|ARM.Deploy.0 = Debug|Any CPU
		{C777D7D9-13E9-492E-A7E3-289335170C7F}.Debug|iPhone.ActiveCfg = Debug|Any CPU
		{C777D7D9-13E9-492E-A7E3-289335170C7F}.Debug|iPhone.Build.0 = Debug|Any CPU
		{C777D7D9-13E9-492E-A7E3-289335170C7F}.Debug|iPhone.Deploy.0 = Debug|Any CPU
		{C777D7D9-13E9-492E-A7E3-289335170C7F}.Debug|iPhoneSimulator.ActiveCfg = Debug|Any CPU
		{C777D7D9-13E9-492E-A7E3-289335170C7F}.Debug|iPhoneSimulator.Build.0 = Debug|Any CPU
		{C777D7D9-13E9-492E-A7E3-289335170C7F}.Debug|iPhoneSimulator.Deploy.0 = Debug|Any CPU
		{C777D7D9-13E9-492E-A7E3-289335170C7F}.Debug|x86.ActiveCfg = Debug|Any CPU
		{C777D7D9-13E9-492E-A7E3-289335170C7F}.Debug|x86.Build.0 = Debug|Any CPU
		{C777D7D9-13E9-492E-A7E3-289335170C7F}.Debug|x86.Deploy.0 = Debug|Any CPU
		{C777D7D9-13E9-492E-A7E3-289335170C7F}.Release|Any CPU.ActiveCfg = Release|Any CPU
		{C777D7D9-13E9-492E-A7E3-289335170C7F}.Release|Any CPU.Build.0 = Release|Any CPU
		{C777D7D9-13E9-492E-A7E3-289335170C7F}.Release|Any CPU.Deploy.0 = Release|Any CPU
		{C777D7D9-13E9-492E-A7E3-289335170C7F}.Release|ARM.ActiveCfg = Release|Any CPU
		{C777D7D9-13E9-492E-A7E3-289335170C7F}.Release|ARM.Build.0 = Release|Any CPU
		{C777D7D9-13E9-492E-A7E3-289335170C7F}.Release|ARM.Deploy.0 = Release|Any CPU
		{C777D7D9-13E9-492E-A7E3-289335170C7F}.Release|iPhone.ActiveCfg = Release|Any CPU
		{C777D7D9-13E9-492E-A7E3-289335170C7F}.Release|iPhone.Build.0 = Release|Any CPU
		{C777D7D9-13E9-492E-A7E3-289335170C7F}.Release|iPhone.Deploy.0 = Release|Any CPU
		{C777D7D9-13E9-492E-A7E3-289335170C7F}.Release|iPhoneSimulator.ActiveCfg = Release|Any CPU
		{C777D7D9-13E9-492E-A7E3-289335170C7F}.Release|iPhoneSimulator.Build.0 = Release|Any CPU
		{C777D7D9-13E9-492E-A7E3-289335170C7F}.Release|iPhoneSimulator.Deploy.0 = Release|Any CPU
		{C777D7D9-13E9-492E-A7E3-289335170C7F}.Release|x86.ActiveCfg = Release|Any CPU
		{C777D7D9-13E9-492E-A7E3-289335170C7F}.Release|x86.Build.0 = Release|Any CPU
		{C777D7D9-13E9-492E-A7E3-289335170C7F}.Release|x86.Deploy.0 = Release|Any CPU
	EndGlobalSection
	GlobalSection(SolutionProperties) = preSolution
		HideSolutionNode = FALSE
	EndGlobalSection
EndGlobal
